// !$*UTF8*$!
{
	archiveVersion = 1;
	classes = {
	};
	objectVersion = 56;
	objects = {

/* Begin PBXBuildFile section */
		B07250782B08647C002C9CEA /* ScrumdingerApp.swift in Sources */ = {isa = PBXBuildFile; fileRef = B07250772B08647C002C9CEA /* ScrumdingerApp.swift */; };
		B072507A2B08647C002C9CEA /* MeetingView.swift in Sources */ = {isa = PBXBuildFile; fileRef = B07250792B08647C002C9CEA /* MeetingView.swift */; };
		B072507C2B08647F002C9CEA /* Assets.xcassets in Resources */ = {isa = PBXBuildFile; fileRef = B072507B2B08647F002C9CEA /* Assets.xcassets */; };
		B072507F2B08647F002C9CEA /* Preview Assets.xcassets in Resources */ = {isa = PBXBuildFile; fileRef = B072507E2B08647F002C9CEA /* Preview Assets.xcassets */; };
		B07250872B0877CF002C9CEA /* Theme.swift in Sources */ = {isa = PBXBuildFile; fileRef = B07250862B0877CF002C9CEA /* Theme.swift */; };
		B07250892B087921002C9CEA /* DailyScrum.swift in Sources */ = {isa = PBXBuildFile; fileRef = B07250882B087921002C9CEA /* DailyScrum.swift */; };
		B072508C2B092351002C9CEA /* CardView.swift in Sources */ = {isa = PBXBuildFile; fileRef = B072508B2B092351002C9CEA /* CardView.swift */; };
		B07250922B09448F002C9CEA /* TrailingIconLabelStyle.swift in Sources */ = {isa = PBXBuildFile; fileRef = B07250912B09448F002C9CEA /* TrailingIconLabelStyle.swift */; };
		B07250942B094708002C9CEA /* LeadingIconLabelStyle.swift in Sources */ = {isa = PBXBuildFile; fileRef = B07250932B094708002C9CEA /* LeadingIconLabelStyle.swift */; };
		B07250962B094B5E002C9CEA /* ScrumsView.swift in Sources */ = {isa = PBXBuildFile; fileRef = B07250952B094B5E002C9CEA /* ScrumsView.swift */; };
		B07250982B097B82002C9CEA /* DetailView.swift in Sources */ = {isa = PBXBuildFile; fileRef = B07250972B097B82002C9CEA /* DetailView.swift */; };
/* End PBXBuildFile section */

/* Begin PBXFileReference section */
		B07250742B08647C002C9CEA /* Scrumdinger.app */ = {isa = PBXFileReference; explicitFileType = wrapper.application; includeInIndex = 0; path = Scrumdinger.app; sourceTree = BUILT_PRODUCTS_DIR; };
		B07250772B08647C002C9CEA /* ScrumdingerApp.swift */ = {isa = PBXFileReference; lastKnownFileType = sourcecode.swift; path = ScrumdingerApp.swift; sourceTree = "<group>"; };
		B07250792B08647C002C9CEA /* MeetingView.swift */ = {isa = PBXFileReference; lastKnownFileType = sourcecode.swift; path = MeetingView.swift; sourceTree = "<group>"; };
		B072507B2B08647F002C9CEA /* Assets.xcassets */ = {isa = PBXFileReference; lastKnownFileType = folder.assetcatalog; path = Assets.xcassets; sourceTree = "<group>"; };
		B072507E2B08647F002C9CEA /* Preview Assets.xcassets */ = {isa = PBXFileReference; lastKnownFileType = folder.assetcatalog; path = "Preview Assets.xcassets"; sourceTree = "<group>"; };
		B07250862B0877CF002C9CEA /* Theme.swift */ = {isa = PBXFileReference; lastKnownFileType = sourcecode.swift; name = Theme.swift; path = ../../Theme.swift; sourceTree = "<group>"; };
		B07250882B087921002C9CEA /* DailyScrum.swift */ = {isa = PBXFileReference; lastKnownFileType = sourcecode.swift; name = DailyScrum.swift; path = ../../DailyScrum.swift; sourceTree = "<group>"; };
		B072508B2B092351002C9CEA /* CardView.swift */ = {isa = PBXFileReference; lastKnownFileType = sourcecode.swift; name = CardView.swift; path = ../../CardView.swift; sourceTree = "<group>"; };
		B07250912B09448F002C9CEA /* TrailingIconLabelStyle.swift */ = {isa = PBXFileReference; lastKnownFileType = sourcecode.swift; path = TrailingIconLabelStyle.swift; sourceTree = "<group>"; };
		B07250932B094708002C9CEA /* LeadingIconLabelStyle.swift */ = {isa = PBXFileReference; lastKnownFileType = sourcecode.swift; name = LeadingIconLabelStyle.swift; path = ../../LeadingIconLabelStyle.swift; sourceTree = "<group>"; };
		B07250952B094B5E002C9CEA /* ScrumsView.swift */ = {isa = PBXFileReference; lastKnownFileType = sourcecode.swift; name = ScrumsView.swift; path = ../../ScrumsView.swift; sourceTree = "<group>"; };
		B07250972B097B82002C9CEA /* DetailView.swift */ = {isa = PBXFileReference; lastKnownFileType = sourcecode.swift; name = DetailView.swift; path = ../../DetailView.swift; sourceTree = "<group>"; };
/* End PBXFileReference section */

/* Begin PBXFrameworksBuildPhase section */
		B07250712B08647C002C9CEA /* Frameworks */ = {
			isa = PBXFrameworksBuildPhase;
			buildActionMask = 2147483647;
			files = (
			);
			runOnlyForDeploymentPostprocessing = 0;
		};
/* End PBXFrameworksBuildPhase section */

/* Begin PBXGroup section */
		B072506B2B08647C002C9CEA = {
			isa = PBXGroup;
			children = (
				B072508A2B09232B002C9CEA /* Views */,
				B07250852B08779B002C9CEA /* Models */,
				B07250762B08647C002C9CEA /* Scrumdinger */,
				B07250752B08647C002C9CEA /* Products */,
			);
			sourceTree = "<group>";
		};
		B07250752B08647C002C9CEA /* Products */ = {
			isa = PBXGroup;
			children = (
				B07250742B08647C002C9CEA /* Scrumdinger.app */,
			);
			name = Products;
			sourceTree = "<group>";
		};
		B07250762B08647C002C9CEA /* Scrumdinger */ = {
			isa = PBXGroup;
			children = (
				B07250912B09448F002C9CEA /* TrailingIconLabelStyle.swift */,
				B07250772B08647C002C9CEA /* ScrumdingerApp.swift */,
				B07250792B08647C002C9CEA /* MeetingView.swift */,
				B072507B2B08647F002C9CEA /* Assets.xcassets */,
				B072507D2B08647F002C9CEA /* Preview Content */,
				B07250932B094708002C9CEA /* LeadingIconLabelStyle.swift */,
			);
			path = Scrumdinger;
			sourceTree = "<group>";
		};
		B072507D2B08647F002C9CEA /* Preview Content */ = {
			isa = PBXGroup;
			children = (
				B072507E2B08647F002C9CEA /* Preview Assets.xcassets */,
			);
			path = "Preview Content";
			sourceTree = "<group>";
		};
		B07250852B08779B002C9CEA /* Models */ = {
			isa = PBXGroup;
			children = (
				B07250862B0877CF002C9CEA /* Theme.swift */,
				B07250882B087921002C9CEA /* DailyScrum.swift */,
			);
			path = Models;
			sourceTree = "<group>";
		};
		B072508A2B09232B002C9CEA /* Views */ = {
			isa = PBXGroup;
			children = (
				B072508B2B092351002C9CEA /* CardView.swift */,
				B07250952B094B5E002C9CEA /* ScrumsView.swift */,
				B07250972B097B82002C9CEA /* DetailView.swift */,
			);
			path = Views;
			sourceTree = "<group>";
		};
/* End PBXGroup section */

/* Begin PBXNativeTarget section */
		B07250732B08647C002C9CEA /* Scrumdinger */ = {
			isa = PBXNativeTarget;
			buildConfigurationList = B07250822B08647F002C9CEA /* Build configuration list for PBXNativeTarget "Scrumdinger" */;
			buildPhases = (
				B07250702B08647C002C9CEA /* Sources */,
				B07250712B08647C002C9CEA /* Frameworks */,
				B07250722B08647C002C9CEA /* Resources */,
			);
			buildRules = (
			);
			dependencies = (
			);
			name = Scrumdinger;
			productName = Scrumdinger;
			productReference = B07250742B08647C002C9CEA /* Scrumdinger.app */;
			productType = "com.apple.product-type.application";
		};
/* End PBXNativeTarget section */

/* Begin PBXProject section */
		B072506C2B08647C002C9CEA /* Project object */ = {
			isa = PBXProject;
			attributes = {
				BuildIndependentTargetsInParallel = 1;
				LastSwiftUpdateCheck = 1500;
				LastUpgradeCheck = 1500;
				TargetAttributes = {
					B07250732B08647C002C9CEA = {
						CreatedOnToolsVersion = 15.0;
					};
				};
			};
			buildConfigurationList = B072506F2B08647C002C9CEA /* Build configuration list for PBXProject "Scrumdinger" */;
			compatibilityVersion = "Xcode 14.0";
			developmentRegion = en;
			hasScannedForEncodings = 0;
			knownRegions = (
				en,
				Base,
			);
			mainGroup = B072506B2B08647C002C9CEA;
			productRefGroup = B07250752B08647C002C9CEA /* Products */;
			projectDirPath = "";
			projectRoot = "";
			targets = (
				B07250732B08647C002C9CEA /* Scrumdinger */,
			);
		};
/* End PBXProject section */

/* Begin PBXResourcesBuildPhase section */
		B07250722B08647C002C9CEA /* Resources */ = {
			isa = PBXResourcesBuildPhase;
			buildActionMask = 2147483647;
			files = (
				B072507F2B08647F002C9CEA /* Preview Assets.xcassets in Resources */,
				B072507C2B08647F002C9CEA /* Assets.xcassets in Resources */,
			);
			runOnlyForDeploymentPostprocessing = 0;
		};
/* End PBXResourcesBuildPhase section */

/* Begin PBXSourcesBuildPhase section */
		B07250702B08647C002C9CEA /* Sources */ = {
			isa = PBXSourcesBuildPhase;
			buildActionMask = 2147483647;
			files = (
				B07250892B087921002C9CEA /* DailyScrum.swift in Sources */,
				B07250982B097B82002C9CEA /* DetailView.swift in Sources */,
				B07250942B094708002C9CEA /* LeadingIconLabelStyle.swift in Sources */,
				B072507A2B08647C002C9CEA /* MeetingView.swift in Sources */,
				B07250962B094B5E002C9CEA /* ScrumsView.swift in Sources */,
				B07250872B0877CF002C9CEA /* Theme.swift in Sources */,
				B07250782B08647C002C9CEA /* ScrumdingerApp.swift in Sources */,
				B072508C2B092351002C9CEA /* CardView.swift in Sources */,
				B07250922B09448F002C9CEA /* TrailingIconLabelStyle.swift in Sources */,
			);
			runOnlyForDeploymentPostprocessing = 0;
		};
/* End PBXSourcesBuildPhase section */

/* Begin XCBuildConfiguration section */
		B07250802B08647F002C9CEA /* Debug */ = {
			isa = XCBuildConfiguration;
			buildSettings = {
				ALWAYS_SEARCH_USER_PATHS = NO;
				ASSETCATALOG_COMPILER_GENERATE_SWIFT_ASSET_SYMBOL_EXTENSIONS = YES;
				CLANG_ANALYZER_NONNULL = YES;
				CLANG_ANALYZER_NUMBER_OBJECT_CONVERSION = YES_AGGRESSIVE;
				CLANG_CXX_LANGUAGE_STANDARD = "gnu++20";
				CLANG_ENABLE_MODULES = YES;
				CLANG_ENABLE_OBJC_ARC = YES;
				CLANG_ENABLE_OBJC_WEAK = YES;
				CLANG_WARN_BLOCK_CAPTURE_AUTORELEASING = YES;
				CLANG_WARN_BOOL_CONVERSION = YES;
				CLANG_WARN_COMMA = YES;
				CLANG_WARN_CONSTANT_CONVERSION = YES;
				CLANG_WARN_DEPRECATED_OBJC_IMPLEMENTATIONS = YES;
				CLANG_WARN_DIRECT_OBJC_ISA_USAGE = YES_ERROR;
				CLANG_WARN_DOCUMENTATION_COMMENTS = YES;
				CLANG_WARN_EMPTY_BODY = YES;
				CLANG_WARN_ENUM_CONVERSION = YES;
				CLANG_WARN_INFINITE_RECURSION = YES;
				CLANG_WARN_INT_CONVERSION = YES;
				CLANG_WARN_NON_LITERAL_NULL_CONVERSION = YES;
				CLANG_WARN_OBJC_IMPLICIT_RETAIN_SELF = YES;
				CLANG_WARN_OBJC_LITERAL_CONVERSION = YES;
				CLANG_WARN_OBJC_ROOT_CLASS = YES_ERROR;
				CLANG_WARN_QUOTED_INCLUDE_IN_FRAMEWORK_HEADER = YES;
				CLANG_WARN_RANGE_LOOP_ANALYSIS = YES;
				CLANG_WARN_STRICT_PROTOTYPES = YES;
				CLANG_WARN_SUSPICIOUS_MOVE = YES;
				CLANG_WARN_UNGUARDED_AVAILABILITY = YES_AGGRESSIVE;
				CLANG_WARN_UNREACHABLE_CODE = YES;
				CLANG_WARN__DUPLICATE_METHOD_MATCH = YES;
				COPY_PHASE_STRIP = NO;
				DEBUG_INFORMATION_FORMAT = dwarf;
				ENABLE_STRICT_OBJC_MSGSEND = YES;
				ENABLE_TESTABILITY = YES;
				ENABLE_USER_SCRIPT_SANDBOXING = YES;
				GCC_C_LANGUAGE_STANDARD = gnu17;
				GCC_DYNAMIC_NO_PIC = NO;
				GCC_NO_COMMON_BLOCKS = YES;
				GCC_OPTIMIZATION_LEVEL = 0;
				GCC_PREPROCESSOR_DEFINITIONS = (
					"DEBUG=1",
					"$(inherited)",
				);
				GCC_WARN_64_TO_32_BIT_CONVERSION = YES;
				GCC_WARN_ABOUT_RETURN_TYPE = YES_ERROR;
				GCC_WARN_UNDECLARED_SELECTOR = YES;
				GCC_WARN_UNINITIALIZED_AUTOS = YES_AGGRESSIVE;
				GCC_WARN_UNUSED_FUNCTION = YES;
				GCC_WARN_UNUSED_VARIABLE = YES;
				IPHONEOS_DEPLOYMENT_TARGET = 17.0;
				LOCALIZATION_PREFERS_STRING_CATALOGS = YES;
				MTL_ENABLE_DEBUG_INFO = INCLUDE_SOURCE;
				MTL_FAST_MATH = YES;
				ONLY_ACTIVE_ARCH = YES;
				SDKROOT = iphoneos;
				SWIFT_ACTIVE_COMPILATION_CONDITIONS = "DEBUG $(inherited)";
				SWIFT_OPTIMIZATION_LEVEL = "-Onone";
			};
			name = Debug;
		};
		B07250812B08647F002C9CEA /* Release */ = {
			isa = XCBuildConfiguration;
			buildSettings = {
				ALWAYS_SEARCH_USER_PATHS = NO;
				ASSETCATALOG_COMPILER_GENERATE_SWIFT_ASSET_SYMBOL_EXTENSIONS = YES;
				CLANG_ANALYZER_NONNULL = YES;
				CLANG_ANALYZER_NUMBER_OBJECT_CONVERSION = YES_AGGRESSIVE;
				CLANG_CXX_LANGUAGE_STANDARD = "gnu++20";
				CLANG_ENABLE_MODULES = YES;
				CLANG_ENABLE_OBJC_ARC = YES;
				CLANG_ENABLE_OBJC_WEAK = YES;
				CLANG_WARN_BLOCK_CAPTURE_AUTORELEASING = YES;
				CLANG_WARN_BOOL_CONVERSION = YES;
				CLANG_WARN_COMMA = YES;
				CLANG_WARN_CONSTANT_CONVERSION = YES;
				CLANG_WARN_DEPRECATED_OBJC_IMPLEMENTATIONS = YES;
				CLANG_WARN_DIRECT_OBJC_ISA_USAGE = YES_ERROR;
				CLANG_WARN_DOCUMENTATION_COMMENTS = YES;
				CLANG_WARN_EMPTY_BODY = YES;
				CLANG_WARN_ENUM_CONVERSION = YES;
				CLANG_WARN_INFINITE_RECURSION = YES;
				CLANG_WARN_INT_CONVERSION = YES;
				CLANG_WARN_NON_LITERAL_NULL_CONVERSION = YES;
				CLANG_WARN_OBJC_IMPLICIT_RETAIN_SELF = YES;
				CLANG_WARN_OBJC_LITERAL_CONVERSION = YES;
				CLANG_WARN_OBJC_ROOT_CLASS = YES_ERROR;
				CLANG_WARN_QUOTED_INCLUDE_IN_FRAMEWORK_HEADER = YES;
				CLANG_WARN_RANGE_LOOP_ANALYSIS = YES;
				CLANG_WARN_STRICT_PROTOTYPES = YES;
				CLANG_WARN_SUSPICIOUS_MOVE = YES;
				CLANG_WARN_UNGUARDED_AVAILABILITY = YES_AGGRESSIVE;
				CLANG_WARN_UNREACHABLE_CODE = YES;
				CLANG_WARN__DUPLICATE_METHOD_MATCH = YES;
				COPY_PHASE_STRIP = NO;
				DEBUG_INFORMATION_FORMAT = "dwarf-with-dsym";
				ENABLE_NS_ASSERTIONS = NO;
				ENABLE_STRICT_OBJC_MSGSEND = YES;
				ENABLE_USER_SCRIPT_SANDBOXING = YES;
				GCC_C_LANGUAGE_STANDARD = gnu17;
				GCC_NO_COMMON_BLOCKS = YES;
				GCC_WARN_64_TO_32_BIT_CONVERSION = YES;
				GCC_WARN_ABOUT_RETURN_TYPE = YES_ERROR;
				GCC_WARN_UNDECLARED_SELECTOR = YES;
				GCC_WARN_UNINITIALIZED_AUTOS = YES_AGGRESSIVE;
				GCC_WARN_UNUSED_FUNCTION = YES;
				GCC_WARN_UNUSED_VARIABLE = YES;
				IPHONEOS_DEPLOYMENT_TARGET = 17.0;
				LOCALIZATION_PREFERS_STRING_CATALOGS = YES;
				MTL_ENABLE_DEBUG_INFO = NO;
				MTL_FAST_MATH = YES;
				SDKROOT = iphoneos;
				SWIFT_COMPILATION_MODE = wholemodule;
				VALIDATE_PRODUCT = YES;
			};
			name = Release;
		};
		B07250832B08647F002C9CEA /* Debug */ = {
			isa = XCBuildConfiguration;
			buildSettings = {
				ASSETCATALOG_COMPILER_APPICON_NAME = AppIcon;
				ASSETCATALOG_COMPILER_GLOBAL_ACCENT_COLOR_NAME = AccentColor;
				CODE_SIGN_STYLE = Automatic;
				CURRENT_PROJECT_VERSION = 1;
				DEVELOPMENT_ASSET_PATHS = "\"Scrumdinger/Preview Content\"";
				DEVELOPMENT_TEAM = PUJJ5R9383;
				ENABLE_PREVIEWS = YES;
				GENERATE_INFOPLIST_FILE = YES;
				INFOPLIST_KEY_UIApplicationSceneManifest_Generation = YES;
				INFOPLIST_KEY_UIApplicationSupportsIndirectInputEvents = YES;
				INFOPLIST_KEY_UILaunchScreen_Generation = YES;
				INFOPLIST_KEY_UISupportedInterfaceOrientations_iPad = "UIInterfaceOrientationPortrait UIInterfaceOrientationPortraitUpsideDown UIInterfaceOrientationLandscapeLeft UIInterfaceOrientationLandscapeRight";
				INFOPLIST_KEY_UISupportedInterfaceOrientations_iPhone = "UIInterfaceOrientationPortrait UIInterfaceOrientationLandscapeLeft UIInterfaceOrientationLandscapeRight";
				LD_RUNPATH_SEARCH_PATHS = (
					"$(inherited)",
					"@executable_path/Frameworks",
				);
				MARKETING_VERSION = 1.0;
				PRODUCT_BUNDLE_IDENTIFIER = arielmerinos.Scrumdinger;
				PRODUCT_NAME = "$(TARGET_NAME)";
				SWIFT_EMIT_LOC_STRINGS = YES;
				SWIFT_VERSION = 5.0;
				TARGETED_DEVICE_FAMILY = "1,2";
			};
			name = Debug;
		};
		B07250842B08647F002C9CEA /* Release */ = {
			isa = XCBuildConfiguration;
			buildSettings = {
				ASSETCATALOG_COMPILER_APPICON_NAME = AppIcon;
				ASSETCATALOG_COMPILER_GLOBAL_ACCENT_COLOR_NAME = AccentColor;
				CODE_SIGN_STYLE = Automatic;
				CURRENT_PROJECT_VERSION = 1;
				DEVELOPMENT_ASSET_PATHS = "\"Scrumdinger/Preview Content\"";
				DEVELOPMENT_TEAM = PUJJ5R9383;
				ENABLE_PREVIEWS = YES;
				GENERATE_INFOPLIST_FILE = YES;
				INFOPLIST_KEY_UIApplicationSceneManifest_Generation = YES;
				INFOPLIST_KEY_UIApplicationSupportsIndirectInputEvents = YES;
				INFOPLIST_KEY_UILaunchScreen_Generation = YES;
				INFOPLIST_KEY_UISupportedInterfaceOrientations_iPad = "UIInterfaceOrientationPortrait UIInterfaceOrientationPortraitUpsideDown UIInterfaceOrientationLandscapeLeft UIInterfaceOrientationLandscapeRight";
				INFOPLIST_KEY_UISupportedInterfaceOrientations_iPhone = "UIInterfaceOrientationPortrait UIInterfaceOrientationLandscapeLeft UIInterfaceOrientationLandscapeRight";
				LD_RUNPATH_SEARCH_PATHS = (
					"$(inherited)",
					"@executable_path/Frameworks",
				);
				MARKETING_VERSION = 1.0;
				PRODUCT_BUNDLE_IDENTIFIER = arielmerinos.Scrumdinger;
				PRODUCT_NAME = "$(TARGET_NAME)";
				SWIFT_EMIT_LOC_STRINGS = YES;
				SWIFT_VERSION = 5.0;
				TARGETED_DEVICE_FAMILY = "1,2";
			};
			name = Release;
		};
/* End XCBuildConfiguration section */

/* Begin XCConfigurationList section */
		B072506F2B08647C002C9CEA /* Build configuration list for PBXProject "Scrumdinger" */ = {
			isa = XCConfigurationList;
			buildConfigurations = (
				B07250802B08647F002C9CEA /* Debug */,
				B07250812B08647F002C9CEA /* Release */,
			);
			defaultConfigurationIsVisible = 0;
			defaultConfigurationName = Release;
		};
		B07250822B08647F002C9CEA /* Build configuration list for PBXNativeTarget "Scrumdinger" */ = {
			isa = XCConfigurationList;
			buildConfigurations = (
				B07250832B08647F002C9CEA /* Debug */,
				B07250842B08647F002C9CEA /* Release */,
			);
			defaultConfigurationIsVisible = 0;
			defaultConfigurationName = Release;
		};
/* End XCConfigurationList section */
	};
	rootObject = B072506C2B08647C002C9CEA /* Project object */;
}
